Microsoft Visual Studio Solution File, Format Version 11.00
# Visual Studio 2008

Project("{19BFD047-E80F-BCC6-8646-4023220DC4D6}") = "Two-Worlds", "Assembly-CSharp.csproj", "{D27F37E6-F53F-1FD8-7347-96DB7B792D2D}"
EndProject
Global
	GlobalSection(SolutionConfigurationPlatforms) = preSolution
		Debug|Any CPU = Debug|Any CPU
		Release|Any CPU = Release|Any CPU
	EndGlobalSection
	GlobalSection(ProjectConfigurationPlatforms) = postSolution
		{D27F37E6-F53F-1FD8-7347-96DB7B792D2D}.Debug|Any CPU.ActiveCfg = Debug|Any CPU
		{D27F37E6-F53F-1FD8-7347-96DB7B792D2D}.Debug|Any CPU.Build.0 = Debug|Any CPU
		{D27F37E6-F53F-1FD8-7347-96DB7B792D2D}.Release|Any CPU.ActiveCfg = Release|Any CPU
		{D27F37E6-F53F-1FD8-7347-96DB7B792D2D}.Release|Any CPU.Build.0 = Release|Any CPU
	EndGlobalSection
	GlobalSection(SolutionProperties) = preSolution
		HideSolutionNode = FALSE
	EndGlobalSection
	GlobalSection(MonoDevelopProperties) = preSolution
		StartupItem = Assembly-CSharp.csproj
	EndGlobalSection
EndGlobal
